{
  "version": "5",
  "specifiers": {
    "jsr:@claudiu-ceia/combine@0.8.0": "0.8.0",
    "jsr:@std/crypto@1": "1.1.0"
  },
  "jsr": {
    "@claudiu-ceia/combine@0.8.0": {
      "integrity": "23155c1717c6743717261b798b1e02c4d23ffaaf88f91ce16293b03ffc45a634"
    },
    "@std/crypto@1.1.0": {
      "integrity": "b8d6d0a6377a32b213af2661ed7bf1062d94feac0c57def5526a8e74a95c3ec8"
    }
  },
  "workspace": {
    "dependencies": [
      "jsr:@claudiu-ceia/combine@0.8.0",
      "jsr:@std/crypto@1"
    ]
  }
}
