{
  "version": "5",
  "specifiers": {
    "jsr:@claudiu-ceia/combine@0.11.2": "0.11.2",
    "npm:@noble/hashes@2.4.0": "2.4.0"
  },
  "jsr": {
    "@claudiu-ceia/combine@0.11.2": {
      "integrity": "c03dfb1b3e996bb0149dcd3f938e718eeac564669910903d5909bc8c43ba8c47"
    }
  },
  "npm": {
    "@noble/hashes@2.4.0": {
      "integrity": "sha512-X5XaVWZIBCT7HHZGm5I7ZQXDwLG+bGXuSrMQAW+7Zvl87h1kmc1ZB1VSRJcpUfoUrGQp4Fkoxm5kZ+Ms+aW+eA=="
    }
  },
  "workspace": {
    "dependencies": [
      "jsr:@claudiu-ceia/combine@0.11.2",
      "npm:@noble/hashes@2.4.0"
    ]
  }
}
